{
  "pins" : [
    {
      "identity" : "asyncextensions",
      "kind" : "remoteSourceControl",
      "location" : "https://github.com/AsyncCommunity/AsyncExtensions",
      "state" : {
        "revision" : "c2b32caf189993285b5a782fe7cd658ed1fa9b9a",
        "version" : "0.5.5"
      }
    }
  ],
  "version" : 2
}
