// !$*UTF8*$!
{
	archiveVersion = 1;
	classes = {
	};
	objectVersion = 52;
	objects = {

/* Begin PBXAggregateTarget section */
		"StoreFlowable::StoreFlowablePackageTests::ProductTarget" /* StoreFlowablePackageTests */ = {
			isa = PBXAggregateTarget;
			buildConfigurationList = OBJ_32 /* Build configuration list for PBXAggregateTarget "StoreFlowablePackageTests" */;
			buildPhases = (
			);
			dependencies = (
				OBJ_35 /* PBXTargetDependency */,
			);
			name = StoreFlowablePackageTests;
			productName = StoreFlowablePackageTests;
		};
/* End PBXAggregateTarget section */

/* Begin PBXBuildFile section */
		E308A93525728CC90059EF00 /* FlowableState.swift in Sources */ = {isa = PBXBuildFile; fileRef = E308A93425728CC90059EF00 /* FlowableState.swift */; };
		E308A93B25728EA30059EF00 /* StateContent.swift in Sources */ = {isa = PBXBuildFile; fileRef = E308A93A25728EA30059EF00 /* StateContent.swift */; };
		E336D3C025823290001E8E6D /* StoreFlowableResponder.swift in Sources */ = {isa = PBXBuildFile; fileRef = E336D3BF25823290001E8E6D /* StoreFlowableResponder.swift */; };
		E336D3CA25832922001E8E6D /* StoreFlowableImpl.swift in Sources */ = {isa = PBXBuildFile; fileRef = E336D3C925832922001E8E6D /* StoreFlowableImpl.swift */; };
		E336D3D825832AA3001E8E6D /* AnyStoreFlowableResponder.swift in Sources */ = {isa = PBXBuildFile; fileRef = E336D3D725832AA3001E8E6D /* AnyStoreFlowableResponder.swift */; };
		E336D3DE2583BA0F001E8E6D /* StoreFlowableExtension.swift in Sources */ = {isa = PBXBuildFile; fileRef = E336D3DD2583BA0F001E8E6D /* StoreFlowableExtension.swift */; };
		E336D3E82583CC3E001E8E6D /* CombineAsync in Frameworks */ = {isa = PBXBuildFile; productRef = E3D61B5C257D1D16005FC400 /* CombineAsync */; };
		E336D3EE2583D3EC001E8E6D /* AnyStoreFlowable.swift in Sources */ = {isa = PBXBuildFile; fileRef = E336D3ED2583D3EC001E8E6D /* AnyStoreFlowable.swift */; };
		E375344F257336AD0048EB33 /* FlowAccessor.swift in Sources */ = {isa = PBXBuildFile; fileRef = E375344E257336AD0048EB33 /* FlowAccessor.swift */; };
		E375345D257337C80048EB33 /* DataState.swift in Sources */ = {isa = PBXBuildFile; fileRef = E375345C257337C80048EB33 /* DataState.swift */; };
		E3753463257338430048EB33 /* DataStateManager.swift in Sources */ = {isa = PBXBuildFile; fileRef = E3753462257338430048EB33 /* DataStateManager.swift */; };
		E37534692573389D0048EB33 /* OriginDataManager.swift in Sources */ = {isa = PBXBuildFile; fileRef = E37534682573389D0048EB33 /* OriginDataManager.swift */; };
		E375346F257338FC0048EB33 /* CacheDataManager.swift in Sources */ = {isa = PBXBuildFile; fileRef = E375346E257338FC0048EB33 /* CacheDataManager.swift */; };
		E3753475257339730048EB33 /* AsDataType.swift in Sources */ = {isa = PBXBuildFile; fileRef = E3753474257339730048EB33 /* AsDataType.swift */; };
		E375347B257339A10048EB33 /* FlowableDataStateManager.swift in Sources */ = {isa = PBXBuildFile; fileRef = E375347A257339A10048EB33 /* FlowableDataStateManager.swift */; };
		E3753486257340CE0048EB33 /* DataSelector.swift in Sources */ = {isa = PBXBuildFile; fileRef = E3753485257340CE0048EB33 /* DataSelector.swift */; };
		E375348C257344CC0048EB33 /* AnyDataStateManager.swift in Sources */ = {isa = PBXBuildFile; fileRef = E375348B257344CC0048EB33 /* AnyDataStateManager.swift */; };
		E375349A257349200048EB33 /* AnyOriginDataManager.swift in Sources */ = {isa = PBXBuildFile; fileRef = E3753499257349200048EB33 /* AnyOriginDataManager.swift */; };
		E37534A025734A3F0048EB33 /* AnyCacheDataManager.swift in Sources */ = {isa = PBXBuildFile; fileRef = E375349F25734A3F0048EB33 /* AnyCacheDataManager.swift */; };
		E3D61B63257DBD97005FC400 /* StoreFlowable.swift in Sources */ = {isa = PBXBuildFile; fileRef = E3D61B62257DBD97005FC400 /* StoreFlowable.swift */; };
		E3D61B73257E2FA8005FC400 /* DataStateMapper.swift in Sources */ = {isa = PBXBuildFile; fileRef = E3D61B72257E2FA8005FC400 /* DataStateMapper.swift */; };
		E3D61B83257E3C58005FC400 /* NoSuchElementError.swift in Sources */ = {isa = PBXBuildFile; fileRef = E3D61B82257E3C58005FC400 /* NoSuchElementError.swift */; };
		E3F556CE2590499A0087FC85 /* UnitHash.swift in Sources */ = {isa = PBXBuildFile; fileRef = E3F556CD2590499A0087FC85 /* UnitHash.swift */; };
		OBJ_30 /* Package.swift in Sources */ = {isa = PBXBuildFile; fileRef = OBJ_6 /* Package.swift */; };
		OBJ_41 /* StoreFlowableTests.swift in Sources */ = {isa = PBXBuildFile; fileRef = OBJ_12 /* StoreFlowableTests.swift */; };
		OBJ_42 /* XCTestManifests.swift in Sources */ = {isa = PBXBuildFile; fileRef = OBJ_13 /* XCTestManifests.swift */; };
		OBJ_44 /* StoreFlowable.framework in Frameworks */ = {isa = PBXBuildFile; fileRef = "StoreFlowable::StoreFlowable::Product" /* StoreFlowable.framework */; };
/* End PBXBuildFile section */

/* Begin PBXContainerItemProxy section */
		E308A910257280AF0059EF00 /* PBXContainerItemProxy */ = {
			isa = PBXContainerItemProxy;
			containerPortal = OBJ_1 /* Project object */;
			proxyType = 1;
			remoteGlobalIDString = "StoreFlowable::StoreFlowable";
			remoteInfo = StoreFlowable;
		};
		E308A911257280AF0059EF00 /* PBXContainerItemProxy */ = {
			isa = PBXContainerItemProxy;
			containerPortal = OBJ_1 /* Project object */;
			proxyType = 1;
			remoteGlobalIDString = "StoreFlowable::StoreFlowableTests";
			remoteInfo = StoreFlowableTests;
		};
/* End PBXContainerItemProxy section */

/* Begin PBXFileReference section */
		E308A93425728CC90059EF00 /* FlowableState.swift */ = {isa = PBXFileReference; lastKnownFileType = sourcecode.swift; path = FlowableState.swift; sourceTree = "<group>"; };
		E308A93A25728EA30059EF00 /* StateContent.swift */ = {isa = PBXFileReference; lastKnownFileType = sourcecode.swift; path = StateContent.swift; sourceTree = "<group>"; };
		E336D3BF25823290001E8E6D /* StoreFlowableResponder.swift */ = {isa = PBXFileReference; lastKnownFileType = sourcecode.swift; path = StoreFlowableResponder.swift; sourceTree = "<group>"; };
		E336D3C925832922001E8E6D /* StoreFlowableImpl.swift */ = {isa = PBXFileReference; lastKnownFileType = sourcecode.swift; path = StoreFlowableImpl.swift; sourceTree = "<group>"; };
		E336D3D725832AA3001E8E6D /* AnyStoreFlowableResponder.swift */ = {isa = PBXFileReference; lastKnownFileType = sourcecode.swift; path = AnyStoreFlowableResponder.swift; sourceTree = "<group>"; };
		E336D3DD2583BA0F001E8E6D /* StoreFlowableExtension.swift */ = {isa = PBXFileReference; lastKnownFileType = sourcecode.swift; path = StoreFlowableExtension.swift; sourceTree = "<group>"; };
		E336D3ED2583D3EC001E8E6D /* AnyStoreFlowable.swift */ = {isa = PBXFileReference; lastKnownFileType = sourcecode.swift; path = AnyStoreFlowable.swift; sourceTree = "<group>"; };
		E375344E257336AD0048EB33 /* FlowAccessor.swift */ = {isa = PBXFileReference; lastKnownFileType = sourcecode.swift; path = FlowAccessor.swift; sourceTree = "<group>"; };
		E375345C257337C80048EB33 /* DataState.swift */ = {isa = PBXFileReference; lastKnownFileType = sourcecode.swift; path = DataState.swift; sourceTree = "<group>"; };
		E3753462257338430048EB33 /* DataStateManager.swift */ = {isa = PBXFileReference; lastKnownFileType = sourcecode.swift; path = DataStateManager.swift; sourceTree = "<group>"; };
		E37534682573389D0048EB33 /* OriginDataManager.swift */ = {isa = PBXFileReference; lastKnownFileType = sourcecode.swift; path = OriginDataManager.swift; sourceTree = "<group>"; };
		E375346E257338FC0048EB33 /* CacheDataManager.swift */ = {isa = PBXFileReference; lastKnownFileType = sourcecode.swift; path = CacheDataManager.swift; sourceTree = "<group>"; };
		E3753474257339730048EB33 /* AsDataType.swift */ = {isa = PBXFileReference; lastKnownFileType = sourcecode.swift; path = AsDataType.swift; sourceTree = "<group>"; };
		E375347A257339A10048EB33 /* FlowableDataStateManager.swift */ = {isa = PBXFileReference; lastKnownFileType = sourcecode.swift; path = FlowableDataStateManager.swift; sourceTree = "<group>"; };
		E3753485257340CE0048EB33 /* DataSelector.swift */ = {isa = PBXFileReference; lastKnownFileType = sourcecode.swift; path = DataSelector.swift; sourceTree = "<group>"; };
		E375348B257344CC0048EB33 /* AnyDataStateManager.swift */ = {isa = PBXFileReference; lastKnownFileType = sourcecode.swift; path = AnyDataStateManager.swift; sourceTree = "<group>"; };
		E3753499257349200048EB33 /* AnyOriginDataManager.swift */ = {isa = PBXFileReference; lastKnownFileType = sourcecode.swift; path = AnyOriginDataManager.swift; sourceTree = "<group>"; };
		E375349F25734A3F0048EB33 /* AnyCacheDataManager.swift */ = {isa = PBXFileReference; lastKnownFileType = sourcecode.swift; path = AnyCacheDataManager.swift; sourceTree = "<group>"; };
		E3D61B62257DBD97005FC400 /* StoreFlowable.swift */ = {isa = PBXFileReference; lastKnownFileType = sourcecode.swift; path = StoreFlowable.swift; sourceTree = "<group>"; };
		E3D61B72257E2FA8005FC400 /* DataStateMapper.swift */ = {isa = PBXFileReference; lastKnownFileType = sourcecode.swift; path = DataStateMapper.swift; sourceTree = "<group>"; };
		E3D61B82257E3C58005FC400 /* NoSuchElementError.swift */ = {isa = PBXFileReference; lastKnownFileType = sourcecode.swift; path = NoSuchElementError.swift; sourceTree = "<group>"; };
		E3F556CD2590499A0087FC85 /* UnitHash.swift */ = {isa = PBXFileReference; lastKnownFileType = sourcecode.swift; path = UnitHash.swift; sourceTree = "<group>"; };
		OBJ_12 /* StoreFlowableTests.swift */ = {isa = PBXFileReference; lastKnownFileType = sourcecode.swift; path = StoreFlowableTests.swift; sourceTree = "<group>"; };
		OBJ_13 /* XCTestManifests.swift */ = {isa = PBXFileReference; lastKnownFileType = sourcecode.swift; path = XCTestManifests.swift; sourceTree = "<group>"; };
		OBJ_17 /* README.md */ = {isa = PBXFileReference; lastKnownFileType = net.daringfireball.markdown; path = README.md; sourceTree = "<group>"; };
		OBJ_6 /* Package.swift */ = {isa = PBXFileReference; explicitFileType = sourcecode.swift; path = Package.swift; sourceTree = "<group>"; };
		"StoreFlowable::StoreFlowable::Product" /* StoreFlowable.framework */ = {isa = PBXFileReference; explicitFileType = wrapper.framework; path = StoreFlowable.framework; sourceTree = BUILT_PRODUCTS_DIR; };
		"StoreFlowable::StoreFlowableTests::Product" /* StoreFlowableTests.xctest */ = {isa = PBXFileReference; explicitFileType = wrapper.cfbundle; path = StoreFlowableTests.xctest; sourceTree = BUILT_PRODUCTS_DIR; };
/* End PBXFileReference section */

/* Begin PBXFrameworksBuildPhase section */
		OBJ_24 /* Frameworks */ = {
			isa = PBXFrameworksBuildPhase;
			buildActionMask = 0;
			files = (
				E336D3E82583CC3E001E8E6D /* CombineAsync in Frameworks */,
			);
			runOnlyForDeploymentPostprocessing = 0;
		};
		OBJ_43 /* Frameworks */ = {
			isa = PBXFrameworksBuildPhase;
			buildActionMask = 0;
			files = (
				OBJ_44 /* StoreFlowable.framework in Frameworks */,
			);
			runOnlyForDeploymentPostprocessing = 0;
		};
/* End PBXFrameworksBuildPhase section */

/* Begin PBXGroup section */
		E375348025733F9B0048EB33 /* Core */ = {
			isa = PBXGroup;
			children = (
				E308A93425728CC90059EF00 /* FlowableState.swift */,
				E308A93A25728EA30059EF00 /* StateContent.swift */,
				E3D61B82257E3C58005FC400 /* NoSuchElementError.swift */,
			);
			path = Core;
			sourceTree = "<group>";
		};
		OBJ_10 /* Tests */ = {
			isa = PBXGroup;
			children = (
				OBJ_11 /* StoreFlowableTests */,
			);
			name = Tests;
			sourceTree = SOURCE_ROOT;
		};
		OBJ_11 /* StoreFlowableTests */ = {
			isa = PBXGroup;
			children = (
				OBJ_12 /* StoreFlowableTests.swift */,
				OBJ_13 /* XCTestManifests.swift */,
			);
			name = StoreFlowableTests;
			path = Tests/StoreFlowableTests;
			sourceTree = SOURCE_ROOT;
		};
		OBJ_14 /* Products */ = {
			isa = PBXGroup;
			children = (
				"StoreFlowable::StoreFlowable::Product" /* StoreFlowable.framework */,
				"StoreFlowable::StoreFlowableTests::Product" /* StoreFlowableTests.xctest */,
			);
			name = Products;
			sourceTree = BUILT_PRODUCTS_DIR;
		};
		OBJ_5 = {
			isa = PBXGroup;
			children = (
				OBJ_6 /* Package.swift */,
				OBJ_7 /* Sources */,
				OBJ_10 /* Tests */,
				OBJ_14 /* Products */,
				OBJ_17 /* README.md */,
			);
			sourceTree = "<group>";
		};
		OBJ_7 /* Sources */ = {
			isa = PBXGroup;
			children = (
				OBJ_8 /* StoreFlowable */,
			);
			name = Sources;
			sourceTree = SOURCE_ROOT;
		};
		OBJ_8 /* StoreFlowable */ = {
			isa = PBXGroup;
			children = (
				E375348025733F9B0048EB33 /* Core */,
				E3F556CD2590499A0087FC85 /* UnitHash.swift */,
				E3753474257339730048EB33 /* AsDataType.swift */,
				E375346E257338FC0048EB33 /* CacheDataManager.swift */,
				E375349F25734A3F0048EB33 /* AnyCacheDataManager.swift */,
				E3753485257340CE0048EB33 /* DataSelector.swift */,
				E375345C257337C80048EB33 /* DataState.swift */,
				E3753462257338430048EB33 /* DataStateManager.swift */,
				E375348B257344CC0048EB33 /* AnyDataStateManager.swift */,
				E3D61B72257E2FA8005FC400 /* DataStateMapper.swift */,
				E375347A257339A10048EB33 /* FlowableDataStateManager.swift */,
				E375344E257336AD0048EB33 /* FlowAccessor.swift */,
				E37534682573389D0048EB33 /* OriginDataManager.swift */,
				E3753499257349200048EB33 /* AnyOriginDataManager.swift */,
				E3D61B62257DBD97005FC400 /* StoreFlowable.swift */,
				E336D3ED2583D3EC001E8E6D /* AnyStoreFlowable.swift */,
				E336D3C925832922001E8E6D /* StoreFlowableImpl.swift */,
				E336D3DD2583BA0F001E8E6D /* StoreFlowableExtension.swift */,
				E336D3BF25823290001E8E6D /* StoreFlowableResponder.swift */,
				E336D3D725832AA3001E8E6D /* AnyStoreFlowableResponder.swift */,
			);
			name = StoreFlowable;
			path = Sources/StoreFlowable;
			sourceTree = SOURCE_ROOT;
		};
/* End PBXGroup section */

/* Begin PBXNativeTarget section */
		"StoreFlowable::StoreFlowable" /* StoreFlowable */ = {
			isa = PBXNativeTarget;
			buildConfigurationList = OBJ_19 /* Build configuration list for PBXNativeTarget "StoreFlowable" */;
			buildPhases = (
				OBJ_22 /* Sources */,
				OBJ_24 /* Frameworks */,
			);
			buildRules = (
			);
			dependencies = (
			);
			name = StoreFlowable;
			packageProductDependencies = (
				E3D61B5C257D1D16005FC400 /* CombineAsync */,
			);
			productName = StoreFlowable;
			productReference = "StoreFlowable::StoreFlowable::Product" /* StoreFlowable.framework */;
			productType = "com.apple.product-type.framework";
		};
		"StoreFlowable::StoreFlowableTests" /* StoreFlowableTests */ = {
			isa = PBXNativeTarget;
			buildConfigurationList = OBJ_37 /* Build configuration list for PBXNativeTarget "StoreFlowableTests" */;
			buildPhases = (
				OBJ_40 /* Sources */,
				OBJ_43 /* Frameworks */,
			);
			buildRules = (
			);
			dependencies = (
				OBJ_45 /* PBXTargetDependency */,
			);
			name = StoreFlowableTests;
			productName = StoreFlowableTests;
			productReference = "StoreFlowable::StoreFlowableTests::Product" /* StoreFlowableTests.xctest */;
			productType = "com.apple.product-type.bundle.unit-test";
		};
		"StoreFlowable::SwiftPMPackageDescription" /* StoreFlowablePackageDescription */ = {
			isa = PBXNativeTarget;
			buildConfigurationList = OBJ_26 /* Build configuration list for PBXNativeTarget "StoreFlowablePackageDescription" */;
			buildPhases = (
				OBJ_29 /* Sources */,
			);
			buildRules = (
			);
			dependencies = (
			);
			name = StoreFlowablePackageDescription;
			productName = StoreFlowablePackageDescription;
			productType = "com.apple.product-type.framework";
		};
/* End PBXNativeTarget section */

/* Begin PBXProject section */
		OBJ_1 /* Project object */ = {
			isa = PBXProject;
			attributes = {
				LastSwiftMigration = 9999;
				LastUpgradeCheck = 9999;
			};
			buildConfigurationList = OBJ_2 /* Build configuration list for PBXProject "StoreFlowable" */;
			compatibilityVersion = "Xcode 3.2";
			developmentRegion = en;
			hasScannedForEncodings = 0;
			knownRegions = (
				en,
			);
			mainGroup = OBJ_5;
			packageReferences = (
				E3D61B5B257D1D16005FC400 /* XCRemoteSwiftPackageReference "CombineAsync" */,
			);
			productRefGroup = OBJ_14 /* Products */;
			projectDirPath = "";
			projectRoot = "";
			targets = (
				"StoreFlowable::StoreFlowable" /* StoreFlowable */,
				"StoreFlowable::SwiftPMPackageDescription" /* StoreFlowablePackageDescription */,
				"StoreFlowable::StoreFlowablePackageTests::ProductTarget" /* StoreFlowablePackageTests */,
				"StoreFlowable::StoreFlowableTests" /* StoreFlowableTests */,
			);
		};
/* End PBXProject section */

/* Begin PBXSourcesBuildPhase section */
		OBJ_22 /* Sources */ = {
			isa = PBXSourcesBuildPhase;
			buildActionMask = 0;
			files = (
				E336D3D825832AA3001E8E6D /* AnyStoreFlowableResponder.swift in Sources */,
				E3D61B73257E2FA8005FC400 /* DataStateMapper.swift in Sources */,
				E336D3CA25832922001E8E6D /* StoreFlowableImpl.swift in Sources */,
				E308A93B25728EA30059EF00 /* StateContent.swift in Sources */,
				E375346F257338FC0048EB33 /* CacheDataManager.swift in Sources */,
				E3753463257338430048EB33 /* DataStateManager.swift in Sources */,
				E3753475257339730048EB33 /* AsDataType.swift in Sources */,
				E3753486257340CE0048EB33 /* DataSelector.swift in Sources */,
				E336D3EE2583D3EC001E8E6D /* AnyStoreFlowable.swift in Sources */,
				E3D61B63257DBD97005FC400 /* StoreFlowable.swift in Sources */,
				E375345D257337C80048EB33 /* DataState.swift in Sources */,
				E37534A025734A3F0048EB33 /* AnyCacheDataManager.swift in Sources */,
				E375347B257339A10048EB33 /* FlowableDataStateManager.swift in Sources */,
				E375348C257344CC0048EB33 /* AnyDataStateManager.swift in Sources */,
				E336D3C025823290001E8E6D /* StoreFlowableResponder.swift in Sources */,
				E375344F257336AD0048EB33 /* FlowAccessor.swift in Sources */,
				E336D3DE2583BA0F001E8E6D /* StoreFlowableExtension.swift in Sources */,
				E3F556CE2590499A0087FC85 /* UnitHash.swift in Sources */,
				E308A93525728CC90059EF00 /* FlowableState.swift in Sources */,
				E375349A257349200048EB33 /* AnyOriginDataManager.swift in Sources */,
				E37534692573389D0048EB33 /* OriginDataManager.swift in Sources */,
				E3D61B83257E3C58005FC400 /* NoSuchElementError.swift in Sources */,
			);
			runOnlyForDeploymentPostprocessing = 0;
		};
		OBJ_29 /* Sources */ = {
			isa = PBXSourcesBuildPhase;
			buildActionMask = 0;
			files = (
				OBJ_30 /* Package.swift in Sources */,
			);
			runOnlyForDeploymentPostprocessing = 0;
		};
		OBJ_40 /* Sources */ = {
			isa = PBXSourcesBuildPhase;
			buildActionMask = 0;
			files = (
				OBJ_41 /* StoreFlowableTests.swift in Sources */,
				OBJ_42 /* XCTestManifests.swift in Sources */,
			);
			runOnlyForDeploymentPostprocessing = 0;
		};
/* End PBXSourcesBuildPhase section */

/* Begin PBXTargetDependency section */
		OBJ_35 /* PBXTargetDependency */ = {
			isa = PBXTargetDependency;
			target = "StoreFlowable::StoreFlowableTests" /* StoreFlowableTests */;
			targetProxy = E308A911257280AF0059EF00 /* PBXContainerItemProxy */;
		};
		OBJ_45 /* PBXTargetDependency */ = {
			isa = PBXTargetDependency;
			target = "StoreFlowable::StoreFlowable" /* StoreFlowable */;
			targetProxy = E308A910257280AF0059EF00 /* PBXContainerItemProxy */;
		};
/* End PBXTargetDependency section */

/* Begin XCBuildConfiguration section */
		OBJ_20 /* Debug */ = {
			isa = XCBuildConfiguration;
			buildSettings = {
				ENABLE_TESTABILITY = YES;
				FRAMEWORK_SEARCH_PATHS = (
					"$(inherited)",
					"$(PLATFORM_DIR)/Developer/Library/Frameworks",
				);
				HEADER_SEARCH_PATHS = "$(inherited)";
				INFOPLIST_FILE = StoreFlowable.xcodeproj/StoreFlowable_Info.plist;
				LD_RUNPATH_SEARCH_PATHS = (
					"$(inherited)",
					"$(TOOLCHAIN_DIR)/usr/lib/swift/macosx",
				);
				OTHER_CFLAGS = "$(inherited)";
				OTHER_LDFLAGS = "$(inherited)";
				OTHER_SWIFT_FLAGS = "$(inherited)";
				PRODUCT_BUNDLE_IDENTIFIER = StoreFlowable;
				PRODUCT_MODULE_NAME = "$(TARGET_NAME:c99extidentifier)";
				PRODUCT_NAME = "$(TARGET_NAME:c99extidentifier)";
				SKIP_INSTALL = YES;
				SWIFT_ACTIVE_COMPILATION_CONDITIONS = "$(inherited)";
				SWIFT_VERSION = 5.0;
				TARGET_NAME = StoreFlowable;
			};
			name = Debug;
		};
		OBJ_21 /* Release */ = {
			isa = XCBuildConfiguration;
			buildSettings = {
				ENABLE_TESTABILITY = YES;
				FRAMEWORK_SEARCH_PATHS = (
					"$(inherited)",
					"$(PLATFORM_DIR)/Developer/Library/Frameworks",
				);
				HEADER_SEARCH_PATHS = "$(inherited)";
				INFOPLIST_FILE = StoreFlowable.xcodeproj/StoreFlowable_Info.plist;
				LD_RUNPATH_SEARCH_PATHS = (
					"$(inherited)",
					"$(TOOLCHAIN_DIR)/usr/lib/swift/macosx",
				);
				OTHER_CFLAGS = "$(inherited)";
				OTHER_LDFLAGS = "$(inherited)";
				OTHER_SWIFT_FLAGS = "$(inherited)";
				PRODUCT_BUNDLE_IDENTIFIER = StoreFlowable;
				PRODUCT_MODULE_NAME = "$(TARGET_NAME:c99extidentifier)";
				PRODUCT_NAME = "$(TARGET_NAME:c99extidentifier)";
				SKIP_INSTALL = YES;
				SWIFT_ACTIVE_COMPILATION_CONDITIONS = "$(inherited)";
				SWIFT_VERSION = 5.0;
				TARGET_NAME = StoreFlowable;
			};
			name = Release;
		};
		OBJ_27 /* Debug */ = {
			isa = XCBuildConfiguration;
			buildSettings = {
				LD = /usr/bin/true;
				OTHER_SWIFT_FLAGS = "-swift-version 5 -I $(TOOLCHAIN_DIR)/usr/lib/swift/pm/4_2 -sdk /Applications/Xcode.app/Contents/Developer/Platforms/MacOSX.platform/Developer/SDKs/MacOSX11.0.sdk -package-description-version 5.3.0";
				SWIFT_VERSION = 5.0;
			};
			name = Debug;
		};
		OBJ_28 /* Release */ = {
			isa = XCBuildConfiguration;
			buildSettings = {
				LD = /usr/bin/true;
				OTHER_SWIFT_FLAGS = "-swift-version 5 -I $(TOOLCHAIN_DIR)/usr/lib/swift/pm/4_2 -sdk /Applications/Xcode.app/Contents/Developer/Platforms/MacOSX.platform/Developer/SDKs/MacOSX11.0.sdk -package-description-version 5.3.0";
				SWIFT_VERSION = 5.0;
			};
			name = Release;
		};
		OBJ_3 /* Debug */ = {
			isa = XCBuildConfiguration;
			buildSettings = {
				CLANG_ENABLE_OBJC_ARC = YES;
				COMBINE_HIDPI_IMAGES = YES;
				COPY_PHASE_STRIP = NO;
				DEBUG_INFORMATION_FORMAT = dwarf;
				DYLIB_INSTALL_NAME_BASE = "@rpath";
				ENABLE_NS_ASSERTIONS = YES;
				GCC_OPTIMIZATION_LEVEL = 0;
				GCC_PREPROCESSOR_DEFINITIONS = (
					"$(inherited)",
					"SWIFT_PACKAGE=1",
					"DEBUG=1",
				);
				IPHONEOS_DEPLOYMENT_TARGET = 14.0;
				MACOSX_DEPLOYMENT_TARGET = 11.0;
				ONLY_ACTIVE_ARCH = YES;
				OTHER_SWIFT_FLAGS = "$(inherited) -DXcode";
				PRODUCT_NAME = "$(TARGET_NAME)";
				SDKROOT = iphoneos;
				SUPPORTED_PLATFORMS = "macosx iphoneos iphonesimulator appletvos appletvsimulator watchos watchsimulator";
				SWIFT_ACTIVE_COMPILATION_CONDITIONS = "$(inherited) SWIFT_PACKAGE DEBUG";
				SWIFT_OPTIMIZATION_LEVEL = "-Onone";
				TVOS_DEPLOYMENT_TARGET = 14.0;
				USE_HEADERMAP = NO;
				WATCHOS_DEPLOYMENT_TARGET = 7.0;
			};
			name = Debug;
		};
		OBJ_33 /* Debug */ = {
			isa = XCBuildConfiguration;
			buildSettings = {
			};
			name = Debug;
		};
		OBJ_34 /* Release */ = {
			isa = XCBuildConfiguration;
			buildSettings = {
			};
			name = Release;
		};
		OBJ_38 /* Debug */ = {
			isa = XCBuildConfiguration;
			buildSettings = {
				CLANG_ENABLE_MODULES = YES;
				EMBEDDED_CONTENT_CONTAINS_SWIFT = YES;
				FRAMEWORK_SEARCH_PATHS = (
					"$(inherited)",
					"$(PLATFORM_DIR)/Developer/Library/Frameworks",
				);
				HEADER_SEARCH_PATHS = "$(inherited)";
				INFOPLIST_FILE = StoreFlowable.xcodeproj/StoreFlowableTests_Info.plist;
				LD_RUNPATH_SEARCH_PATHS = (
					"$(inherited)",
					"@loader_path/../Frameworks",
					"@loader_path/Frameworks",
				);
				OTHER_CFLAGS = "$(inherited)";
				OTHER_LDFLAGS = "$(inherited)";
				OTHER_SWIFT_FLAGS = "$(inherited)";
				SWIFT_ACTIVE_COMPILATION_CONDITIONS = "$(inherited)";
				SWIFT_VERSION = 5.0;
				TARGET_NAME = StoreFlowableTests;
			};
			name = Debug;
		};
		OBJ_39 /* Release */ = {
			isa = XCBuildConfiguration;
			buildSettings = {
				CLANG_ENABLE_MODULES = YES;
				EMBEDDED_CONTENT_CONTAINS_SWIFT = YES;
				FRAMEWORK_SEARCH_PATHS = (
					"$(inherited)",
					"$(PLATFORM_DIR)/Developer/Library/Frameworks",
				);
				HEADER_SEARCH_PATHS = "$(inherited)";
				INFOPLIST_FILE = StoreFlowable.xcodeproj/StoreFlowableTests_Info.plist;
				LD_RUNPATH_SEARCH_PATHS = (
					"$(inherited)",
					"@loader_path/../Frameworks",
					"@loader_path/Frameworks",
				);
				OTHER_CFLAGS = "$(inherited)";
				OTHER_LDFLAGS = "$(inherited)";
				OTHER_SWIFT_FLAGS = "$(inherited)";
				SWIFT_ACTIVE_COMPILATION_CONDITIONS = "$(inherited)";
				SWIFT_VERSION = 5.0;
				TARGET_NAME = StoreFlowableTests;
			};
			name = Release;
		};
		OBJ_4 /* Release */ = {
			isa = XCBuildConfiguration;
			buildSettings = {
				CLANG_ENABLE_OBJC_ARC = YES;
				COMBINE_HIDPI_IMAGES = YES;
				COPY_PHASE_STRIP = YES;
				DEBUG_INFORMATION_FORMAT = "dwarf-with-dsym";
				DYLIB_INSTALL_NAME_BASE = "@rpath";
				GCC_OPTIMIZATION_LEVEL = s;
				GCC_PREPROCESSOR_DEFINITIONS = (
					"$(inherited)",
					"SWIFT_PACKAGE=1",
				);
				IPHONEOS_DEPLOYMENT_TARGET = 14.0;
				MACOSX_DEPLOYMENT_TARGET = 11.0;
				OTHER_SWIFT_FLAGS = "$(inherited) -DXcode";
				PRODUCT_NAME = "$(TARGET_NAME)";
				SDKROOT = iphoneos;
				SUPPORTED_PLATFORMS = "macosx iphoneos iphonesimulator appletvos appletvsimulator watchos watchsimulator";
				SWIFT_ACTIVE_COMPILATION_CONDITIONS = "$(inherited) SWIFT_PACKAGE";
				SWIFT_COMPILATION_MODE = wholemodule;
				SWIFT_OPTIMIZATION_LEVEL = "-O";
				TVOS_DEPLOYMENT_TARGET = 14.0;
				USE_HEADERMAP = NO;
				WATCHOS_DEPLOYMENT_TARGET = 7.0;
			};
			name = Release;
		};
/* End XCBuildConfiguration section */

/* Begin XCConfigurationList section */
		OBJ_19 /* Build configuration list for PBXNativeTarget "StoreFlowable" */ = {
			isa = XCConfigurationList;
			buildConfigurations = (
				OBJ_20 /* Debug */,
				OBJ_21 /* Release */,
			);
			defaultConfigurationIsVisible = 0;
			defaultConfigurationName = Release;
		};
		OBJ_2 /* Build configuration list for PBXProject "StoreFlowable" */ = {
			isa = XCConfigurationList;
			buildConfigurations = (
				OBJ_3 /* Debug */,
				OBJ_4 /* Release */,
			);
			defaultConfigurationIsVisible = 0;
			defaultConfigurationName = Release;
		};
		OBJ_26 /* Build configuration list for PBXNativeTarget "StoreFlowablePackageDescription" */ = {
			isa = XCConfigurationList;
			buildConfigurations = (
				OBJ_27 /* Debug */,
				OBJ_28 /* Release */,
			);
			defaultConfigurationIsVisible = 0;
			defaultConfigurationName = Release;
		};
		OBJ_32 /* Build configuration list for PBXAggregateTarget "StoreFlowablePackageTests" */ = {
			isa = XCConfigurationList;
			buildConfigurations = (
				OBJ_33 /* Debug */,
				OBJ_34 /* Release */,
			);
			defaultConfigurationIsVisible = 0;
			defaultConfigurationName = Release;
		};
		OBJ_37 /* Build configuration list for PBXNativeTarget "StoreFlowableTests" */ = {
			isa = XCConfigurationList;
			buildConfigurations = (
				OBJ_38 /* Debug */,
				OBJ_39 /* Release */,
			);
			defaultConfigurationIsVisible = 0;
			defaultConfigurationName = Release;
		};
/* End XCConfigurationList section */

/* Begin XCRemoteSwiftPackageReference section */
		E3D61B5B257D1D16005FC400 /* XCRemoteSwiftPackageReference "CombineAsync" */ = {
			isa = XCRemoteSwiftPackageReference;
			repositoryURL = "https://github.com/rizumita/CombineAsync";
			requirement = {
				kind = upToNextMajorVersion;
				minimumVersion = 0.1.5;
			};
		};
/* End XCRemoteSwiftPackageReference section */

/* Begin XCSwiftPackageProductDependency section */
		E3D61B5C257D1D16005FC400 /* CombineAsync */ = {
			isa = XCSwiftPackageProductDependency;
			package = E3D61B5B257D1D16005FC400 /* XCRemoteSwiftPackageReference "CombineAsync" */;
			productName = CombineAsync;
		};
/* End XCSwiftPackageProductDependency section */
	};
	rootObject = OBJ_1 /* Project object */;
}
